<?xml version="1.0" encoding="utf-8"?>
<Project ToolsVersion="4.0" xmlns="http://schemas.microsoft.com/developer/msbuild/2003">

  <ItemGroup>
    <Filter Include="Source Files">
      <UniqueIdentifier>{4FC737F1-C7A5-4376-A066-2A32D752A2FF}</UniqueIdentifier>
      <Extensions>c;cpp;cxx</Extensions>
    </Filter>
    <Filter Include="Header Files">
      <UniqueIdentifier>{93995380-89BD-4b04-88EB-625FBE52EBFB}</UniqueIdentifier>
      <Extensions>h;hh;hpp;hxx</Extensions>
    </Filter>
    <Filter Include="Driver Files">
      <UniqueIdentifier>{67DA6AB6-F800-4c08-8B7A-83BB121AAD01}</UniqueIdentifier>
      <Extensions>inf;cat</Extensions>
    </Filter>
    <Filter Include="Source Files\Core">
      <UniqueIdentifier>{A1B2C3D4-1234-5678-ABCD-EF0123456789}</UniqueIdentifier>
    </Filter>
    <Filter Include="Source Files\USB">
      <UniqueIdentifier>{B2C3D4E5-2345-6789-BCDE-F01234567890}</UniqueIdentifier>
    </Filter>
    <Filter Include="Source Files\HID">
      <UniqueIdentifier>{C3D4E5F6-3456-789A-CDEF-012345678901}</UniqueIdentifier>
    </Filter>
  </ItemGroup>

  <ItemGroup>
    <ClCompile Include="src\Driver.c">
      <Filter>Source Files\Core</Filter>
    </ClCompile>
    <ClCompile Include="src\Device.c">
      <Filter>Source Files\Core</Filter>
    </ClCompile>
    <ClCompile Include="src\Usb.c">
      <Filter>Source Files\USB</Filter>
    </ClCompile>
    <ClCompile Include="src\Hid.c">
      <Filter>Source Files\HID</Filter>
    </ClCompile>
    <ClCompile Include="src\Report.c">
      <Filter>Source Files\HID</Filter>
    </ClCompile>
  </ItemGroup>

  <ItemGroup>
    <ClInclude Include="src\Driver.h">
      <Filter>Header Files</Filter>
    </ClInclude>
  </ItemGroup>

  <ItemGroup>
    <Inf Include="inf\SteamDeckHID.inf">
      <Filter>Driver Files</Filter>
    </Inf>
  </ItemGroup>

</Project>
